Microsoft Visual Studio Solution File, Format Version 12.00
# Visual Studio Version 17
VisualStudioVersion = 17.5.2.0
MinimumVisualStudioVersion = 10.0.40219.1
Project("{FAE04EC0-301F-11D3-BF4B-00C04F79EFBC}") = "ExerciciosInterface", "ExerciciosInterface.csproj", "{632499B9-7170-5CA8-A8B2-779A389A523A}"
EndProject
Global
	GlobalSection(SolutionConfigurationPlatforms) = preSolution
		Debug|Any CPU = Debug|Any CPU
		Release|Any CPU = Release|Any CPU
	EndGlobalSection
	GlobalSection(ProjectConfigurationPlatforms) = postSolution
		{632499B9-7170-5CA8-A8B2-779A389A523A}.Debug|Any CPU.ActiveCfg = Debug|Any CPU
		{632499B9-7170-5CA8-A8B2-779A389A523A}.Debug|Any CPU.Build.0 = Debug|Any CPU
		{632499B9-7170-5CA8-A8B2-779A389A523A}.Release|Any CPU.ActiveCfg = Release|Any CPU
		{632499B9-7170-5CA8-A8B2-779A389A523A}.Release|Any CPU.Build.0 = Release|Any CPU
	EndGlobalSection
	GlobalSection(SolutionProperties) = preSolution
		HideSolutionNode = FALSE
	EndGlobalSection
	GlobalSection(ExtensibilityGlobals) = postSolution
		SolutionGuid = {14AE6F14-8971-498D-8C06-1A10DDB5FDB1}
	EndGlobalSection
EndGlobal
