Microsoft Visual Studio Solution File, Format Version 12.00
# Visual Studio Version 17
VisualStudioVersion = 17.5.2.0
MinimumVisualStudioVersion = 10.0.40219.1
Project("{FAE04EC0-301F-11D3-BF4B-00C04F79EFBC}") = "Pilares", "Pilares.csproj", "{A333F924-F1F7-744C-4969-23E9E886FD3D}"
EndProject
Global
	GlobalSection(SolutionConfigurationPlatforms) = preSolution
		Debug|Any CPU = Debug|Any CPU
		Release|Any CPU = Release|Any CPU
	EndGlobalSection
	GlobalSection(ProjectConfigurationPlatforms) = postSolution
		{A333F924-F1F7-744C-4969-23E9E886FD3D}.Debug|Any CPU.ActiveCfg = Debug|Any CPU
		{A333F924-F1F7-744C-4969-23E9E886FD3D}.Debug|Any CPU.Build.0 = Debug|Any CPU
		{A333F924-F1F7-744C-4969-23E9E886FD3D}.Release|Any CPU.ActiveCfg = Release|Any CPU
		{A333F924-F1F7-744C-4969-23E9E886FD3D}.Release|Any CPU.Build.0 = Release|Any CPU
	EndGlobalSection
	GlobalSection(SolutionProperties) = preSolution
		HideSolutionNode = FALSE
	EndGlobalSection
	GlobalSection(ExtensibilityGlobals) = postSolution
		SolutionGuid = {881EA88E-5F7A-4D55-B452-B276B67D485B}
	EndGlobalSection
EndGlobal
